
Microsoft Visual Studio Solution File, Format Version 12.00
# Visual Studio 15
VisualStudioVersion = 15.0.28307.106
MinimumVisualStudioVersion = 10.0.40219.1
Project("{9A19103F-16F7-4668-BE54-9A1E7A4F7556}") = "001 HelloWorld", "001 HelloWorld\001 HelloWorld.csproj", "{DEDE1B81-6ED9-4F14-AEEA-92E6547C57BD}"
EndProject
Project("{9A19103F-16F7-4668-BE54-9A1E7A4F7556}") = "002 Rectangle", "002 Rectangle\002 Rectangle.csproj", "{492A1045-4F8F-4FE6-A86C-A653628E3EC4}"
EndProject
Project("{9A19103F-16F7-4668-BE54-9A1E7A4F7556}") = "003 ValueTypes", "003 ValueTypes\003 ValueTypes.csproj", "{7F7A7B57-4781-4BC4-9A92-7270A85144DC}"
EndProject
Project("{9A19103F-16F7-4668-BE54-9A1E7A4F7556}") = "004 ReferencedType", "004 ReferencedType\004 ReferencedType.csproj", "{4C3C695A-B0A2-446E-8449-B5A3F13374AD}"
EndProject
Project("{9A19103F-16F7-4668-BE54-9A1E7A4F7556}") = "005 StringType", "005 StringType\005 StringType.csproj", "{BB574C8B-FDFC-4CD3-A571-363C1B3A3740}"
EndProject
Project("{9A19103F-16F7-4668-BE54-9A1E7A4F7556}") = "006 TypeConversion", "006 TypeConversion\006 TypeConversion.csproj", "{D39F8207-5EB4-431F-8287-D908A5751576}"
EndProject
Project("{9A19103F-16F7-4668-BE54-9A1E7A4F7556}") = "007 Input", "007 Input\007 Input.csproj", "{03D9218E-5240-41C2-AFE9-C8D1689AC481}"
EndProject
Project("{9A19103F-16F7-4668-BE54-9A1E7A4F7556}") = "008 Class", "008 Class\008 Class.csproj", "{84FC084C-15F1-497E-9B3D-1A65346C98BE}"
EndProject
Project("{9A19103F-16F7-4668-BE54-9A1E7A4F7556}") = "009 Recursion", "009 Recursion\009 Recursion.csproj", "{9ED27D8A-C249-467C-BD86-823C7BC17F09}"
EndProject
Project("{9A19103F-16F7-4668-BE54-9A1E7A4F7556}") = "010 Loop", "010 Loop\010 Loop.csproj", "{3DCC8658-6EE7-47A7-AF22-57A78A601F45}"
EndProject
Project("{9A19103F-16F7-4668-BE54-9A1E7A4F7556}") = "011 AccessModifier", "011 AccessModifier\011 AccessModifier.csproj", "{F3D7630B-370A-4128-83F5-322AF9195652}"
EndProject
Project("{9A19103F-16F7-4668-BE54-9A1E7A4F7556}") = "012 OutArgument", "012 OutArgument\012 OutArgument.csproj", "{EC2CE275-3033-457C-8329-037F2B77EE36}"
EndProject
Project("{9A19103F-16F7-4668-BE54-9A1E7A4F7556}") = "013 NullAble", "013 NullAble\013 NullAble.csproj", "{68D67595-9058-48FB-B4EF-122BFBC7E06E}"
EndProject
Project("{FAE04EC0-301F-11D3-BF4B-00C04F79EFBC}") = "014 Array", "014 Array\014 Array.csproj", "{24B7CE33-3A2F-43F0-9336-9E3F821FB343}"
EndProject
Project("{FAE04EC0-301F-11D3-BF4B-00C04F79EFBC}") = "015 String", "015 String\015 String.csproj", "{3057E751-79FE-4064-9442-70C8FF091826}"
EndProject
Project("{FAE04EC0-301F-11D3-BF4B-00C04F79EFBC}") = "016 Struct", "016 Struct\016 Struct.csproj", "{D2A18A88-C05E-45FA-A3E8-AAF5CF88A415}"
EndProject
Project("{FAE04EC0-301F-11D3-BF4B-00C04F79EFBC}") = "017 Enum", "017 Enum\017 Enum.csproj", "{28D791FE-3378-47FA-B23D-62688C0A5104}"
EndProject
Project("{FAE04EC0-301F-11D3-BF4B-00C04F79EFBC}") = "019 Inheritance", "019 Inheritance\019 Inheritance.csproj", "{48B99D01-9506-41C2-BFB8-0E60528143C0}"
EndProject
Project("{FAE04EC0-301F-11D3-BF4B-00C04F79EFBC}") = "018 BinaryOperator", "018 BinaryOperator\018 BinaryOperator.csproj", "{0D76574F-C4C2-44C8-8D24-2C2D6FE08C3D}"
EndProject
Global
	GlobalSection(SolutionConfigurationPlatforms) = preSolution
		Debug|Any CPU = Debug|Any CPU
		Debug|x64 = Debug|x64
		Debug|x86 = Debug|x86
		Release|Any CPU = Release|Any CPU
		Release|x64 = Release|x64
		Release|x86 = Release|x86
	EndGlobalSection
	GlobalSection(ProjectConfigurationPlatforms) = postSolution
		{DEDE1B81-6ED9-4F14-AEEA-92E6547C57BD}.Debug|Any CPU.ActiveCfg = Debug|Any CPU
		{DEDE1B81-6ED9-4F14-AEEA-92E6547C57BD}.Debug|Any CPU.Build.0 = Debug|Any CPU
		{DEDE1B81-6ED9-4F14-AEEA-92E6547C57BD}.Debug|x64.ActiveCfg = Debug|Any CPU
		{DEDE1B81-6ED9-4F14-AEEA-92E6547C57BD}.Debug|x64.Build.0 = Debug|Any CPU
		{DEDE1B81-6ED9-4F14-AEEA-92E6547C57BD}.Debug|x86.ActiveCfg = Debug|Any CPU
		{DEDE1B81-6ED9-4F14-AEEA-92E6547C57BD}.Debug|x86.Build.0 = Debug|Any CPU
		{DEDE1B81-6ED9-4F14-AEEA-92E6547C57BD}.Release|Any CPU.ActiveCfg = Release|Any CPU
		{DEDE1B81-6ED9-4F14-AEEA-92E6547C57BD}.Release|Any CPU.Build.0 = Release|Any CPU
		{DEDE1B81-6ED9-4F14-AEEA-92E6547C57BD}.Release|x64.ActiveCfg = Release|Any CPU
		{DEDE1B81-6ED9-4F14-AEEA-92E6547C57BD}.Release|x64.Build.0 = Release|Any CPU
		{DEDE1B81-6ED9-4F14-AEEA-92E6547C57BD}.Release|x86.ActiveCfg = Release|Any CPU
		{DEDE1B81-6ED9-4F14-AEEA-92E6547C57BD}.Release|x86.Build.0 = Release|Any CPU
		{492A1045-4F8F-4FE6-A86C-A653628E3EC4}.Debug|Any CPU.ActiveCfg = Debug|Any CPU
		{492A1045-4F8F-4FE6-A86C-A653628E3EC4}.Debug|Any CPU.Build.0 = Debug|Any CPU
		{492A1045-4F8F-4FE6-A86C-A653628E3EC4}.Debug|x64.ActiveCfg = Debug|Any CPU
		{492A1045-4F8F-4FE6-A86C-A653628E3EC4}.Debug|x64.Build.0 = Debug|Any CPU
		{492A1045-4F8F-4FE6-A86C-A653628E3EC4}.Debug|x86.ActiveCfg = Debug|Any CPU
		{492A1045-4F8F-4FE6-A86C-A653628E3EC4}.Debug|x86.Build.0 = Debug|Any CPU
		{492A1045-4F8F-4FE6-A86C-A653628E3EC4}.Release|Any CPU.ActiveCfg = Release|Any CPU
		{492A1045-4F8F-4FE6-A86C-A653628E3EC4}.Release|Any CPU.Build.0 = Release|Any CPU
		{492A1045-4F8F-4FE6-A86C-A653628E3EC4}.Release|x64.ActiveCfg = Release|Any CPU
		{492A1045-4F8F-4FE6-A86C-A653628E3EC4}.Release|x64.Build.0 = Release|Any CPU
		{492A1045-4F8F-4FE6-A86C-A653628E3EC4}.Release|x86.ActiveCfg = Release|Any CPU
		{492A1045-4F8F-4FE6-A86C-A653628E3EC4}.Release|x86.Build.0 = Release|Any CPU
		{7F7A7B57-4781-4BC4-9A92-7270A85144DC}.Debug|Any CPU.ActiveCfg = Debug|Any CPU
		{7F7A7B57-4781-4BC4-9A92-7270A85144DC}.Debug|Any CPU.Build.0 = Debug|Any CPU
		{7F7A7B57-4781-4BC4-9A92-7270A85144DC}.Debug|x64.ActiveCfg = Debug|Any CPU
		{7F7A7B57-4781-4BC4-9A92-7270A85144DC}.Debug|x64.Build.0 = Debug|Any CPU
		{7F7A7B57-4781-4BC4-9A92-7270A85144DC}.Debug|x86.ActiveCfg = Debug|Any CPU
		{7F7A7B57-4781-4BC4-9A92-7270A85144DC}.Debug|x86.Build.0 = Debug|Any CPU
		{7F7A7B57-4781-4BC4-9A92-7270A85144DC}.Release|Any CPU.ActiveCfg = Release|Any CPU
		{7F7A7B57-4781-4BC4-9A92-7270A85144DC}.Release|Any CPU.Build.0 = Release|Any CPU
		{7F7A7B57-4781-4BC4-9A92-7270A85144DC}.Release|x64.ActiveCfg = Release|Any CPU
		{7F7A7B57-4781-4BC4-9A92-7270A85144DC}.Release|x64.Build.0 = Release|Any CPU
		{7F7A7B57-4781-4BC4-9A92-7270A85144DC}.Release|x86.ActiveCfg = Release|Any CPU
		{7F7A7B57-4781-4BC4-9A92-7270A85144DC}.Release|x86.Build.0 = Release|Any CPU
		{4C3C695A-B0A2-446E-8449-B5A3F13374AD}.Debug|Any CPU.ActiveCfg = Debug|Any CPU
		{4C3C695A-B0A2-446E-8449-B5A3F13374AD}.Debug|Any CPU.Build.0 = Debug|Any CPU
		{4C3C695A-B0A2-446E-8449-B5A3F13374AD}.Debug|x64.ActiveCfg = Debug|Any CPU
		{4C3C695A-B0A2-446E-8449-B5A3F13374AD}.Debug|x64.Build.0 = Debug|Any CPU
		{4C3C695A-B0A2-446E-8449-B5A3F13374AD}.Debug|x86.ActiveCfg = Debug|Any CPU
		{4C3C695A-B0A2-446E-8449-B5A3F13374AD}.Debug|x86.Build.0 = Debug|Any CPU
		{4C3C695A-B0A2-446E-8449-B5A3F13374AD}.Release|Any CPU.ActiveCfg = Release|Any CPU
		{4C3C695A-B0A2-446E-8449-B5A3F13374AD}.Release|Any CPU.Build.0 = Release|Any CPU
		{4C3C695A-B0A2-446E-8449-B5A3F13374AD}.Release|x64.ActiveCfg = Release|Any CPU
		{4C3C695A-B0A2-446E-8449-B5A3F13374AD}.Release|x64.Build.0 = Release|Any CPU
		{4C3C695A-B0A2-446E-8449-B5A3F13374AD}.Release|x86.ActiveCfg = Release|Any CPU
		{4C3C695A-B0A2-446E-8449-B5A3F13374AD}.Release|x86.Build.0 = Release|Any CPU
		{BB574C8B-FDFC-4CD3-A571-363C1B3A3740}.Debug|Any CPU.ActiveCfg = Debug|Any CPU
		{BB574C8B-FDFC-4CD3-A571-363C1B3A3740}.Debug|Any CPU.Build.0 = Debug|Any CPU
		{BB574C8B-FDFC-4CD3-A571-363C1B3A3740}.Debug|x64.ActiveCfg = Debug|Any CPU
		{BB574C8B-FDFC-4CD3-A571-363C1B3A3740}.Debug|x64.Build.0 = Debug|Any CPU
		{BB574C8B-FDFC-4CD3-A571-363C1B3A3740}.Debug|x86.ActiveCfg = Debug|Any CPU
		{BB574C8B-FDFC-4CD3-A571-363C1B3A3740}.Debug|x86.Build.0 = Debug|Any CPU
		{BB574C8B-FDFC-4CD3-A571-363C1B3A3740}.Release|Any CPU.ActiveCfg = Release|Any CPU
		{BB574C8B-FDFC-4CD3-A571-363C1B3A3740}.Release|Any CPU.Build.0 = Release|Any CPU
		{BB574C8B-FDFC-4CD3-A571-363C1B3A3740}.Release|x64.ActiveCfg = Release|Any CPU
		{BB574C8B-FDFC-4CD3-A571-363C1B3A3740}.Release|x64.Build.0 = Release|Any CPU
		{BB574C8B-FDFC-4CD3-A571-363C1B3A3740}.Release|x86.ActiveCfg = Release|Any CPU
		{BB574C8B-FDFC-4CD3-A571-363C1B3A3740}.Release|x86.Build.0 = Release|Any CPU
		{D39F8207-5EB4-431F-8287-D908A5751576}.Debug|Any CPU.ActiveCfg = Debug|Any CPU
		{D39F8207-5EB4-431F-8287-D908A5751576}.Debug|Any CPU.Build.0 = Debug|Any CPU
		{D39F8207-5EB4-431F-8287-D908A5751576}.Debug|x64.ActiveCfg = Debug|Any CPU
		{D39F8207-5EB4-431F-8287-D908A5751576}.Debug|x64.Build.0 = Debug|Any CPU
		{D39F8207-5EB4-431F-8287-D908A5751576}.Debug|x86.ActiveCfg = Debug|Any CPU
		{D39F8207-5EB4-431F-8287-D908A5751576}.Debug|x86.Build.0 = Debug|Any CPU
		{D39F8207-5EB4-431F-8287-D908A5751576}.Release|Any CPU.ActiveCfg = Release|Any CPU
		{D39F8207-5EB4-431F-8287-D908A5751576}.Release|Any CPU.Build.0 = Release|Any CPU
		{D39F8207-5EB4-431F-8287-D908A5751576}.Release|x64.ActiveCfg = Release|Any CPU
		{D39F8207-5EB4-431F-8287-D908A5751576}.Release|x64.Build.0 = Release|Any CPU
		{D39F8207-5EB4-431F-8287-D908A5751576}.Release|x86.ActiveCfg = Release|Any CPU
		{D39F8207-5EB4-431F-8287-D908A5751576}.Release|x86.Build.0 = Release|Any CPU
		{03D9218E-5240-41C2-AFE9-C8D1689AC481}.Debug|Any CPU.ActiveCfg = Debug|Any CPU
		{03D9218E-5240-41C2-AFE9-C8D1689AC481}.Debug|Any CPU.Build.0 = Debug|Any CPU
		{03D9218E-5240-41C2-AFE9-C8D1689AC481}.Debug|x64.ActiveCfg = Debug|Any CPU
		{03D9218E-5240-41C2-AFE9-C8D1689AC481}.Debug|x64.Build.0 = Debug|Any CPU
		{03D9218E-5240-41C2-AFE9-C8D1689AC481}.Debug|x86.ActiveCfg = Debug|Any CPU
		{03D9218E-5240-41C2-AFE9-C8D1689AC481}.Debug|x86.Build.0 = Debug|Any CPU
		{03D9218E-5240-41C2-AFE9-C8D1689AC481}.Release|Any CPU.ActiveCfg = Release|Any CPU
		{03D9218E-5240-41C2-AFE9-C8D1689AC481}.Release|Any CPU.Build.0 = Release|Any CPU
		{03D9218E-5240-41C2-AFE9-C8D1689AC481}.Release|x64.ActiveCfg = Release|Any CPU
		{03D9218E-5240-41C2-AFE9-C8D1689AC481}.Release|x64.Build.0 = Release|Any CPU
		{03D9218E-5240-41C2-AFE9-C8D1689AC481}.Release|x86.ActiveCfg = Release|Any CPU
		{03D9218E-5240-41C2-AFE9-C8D1689AC481}.Release|x86.Build.0 = Release|Any CPU
		{84FC084C-15F1-497E-9B3D-1A65346C98BE}.Debug|Any CPU.ActiveCfg = Debug|Any CPU
		{84FC084C-15F1-497E-9B3D-1A65346C98BE}.Debug|Any CPU.Build.0 = Debug|Any CPU
		{84FC084C-15F1-497E-9B3D-1A65346C98BE}.Debug|x64.ActiveCfg = Debug|Any CPU
		{84FC084C-15F1-497E-9B3D-1A65346C98BE}.Debug|x64.Build.0 = Debug|Any CPU
		{84FC084C-15F1-497E-9B3D-1A65346C98BE}.Debug|x86.ActiveCfg = Debug|Any CPU
		{84FC084C-15F1-497E-9B3D-1A65346C98BE}.Debug|x86.Build.0 = Debug|Any CPU
		{84FC084C-15F1-497E-9B3D-1A65346C98BE}.Release|Any CPU.ActiveCfg = Release|Any CPU
		{84FC084C-15F1-497E-9B3D-1A65346C98BE}.Release|Any CPU.Build.0 = Release|Any CPU
		{84FC084C-15F1-497E-9B3D-1A65346C98BE}.Release|x64.ActiveCfg = Release|Any CPU
		{84FC084C-15F1-497E-9B3D-1A65346C98BE}.Release|x64.Build.0 = Release|Any CPU
		{84FC084C-15F1-497E-9B3D-1A65346C98BE}.Release|x86.ActiveCfg = Release|Any CPU
		{84FC084C-15F1-497E-9B3D-1A65346C98BE}.Release|x86.Build.0 = Release|Any CPU
		{9ED27D8A-C249-467C-BD86-823C7BC17F09}.Debug|Any CPU.ActiveCfg = Debug|Any CPU
		{9ED27D8A-C249-467C-BD86-823C7BC17F09}.Debug|Any CPU.Build.0 = Debug|Any CPU
		{9ED27D8A-C249-467C-BD86-823C7BC17F09}.Debug|x64.ActiveCfg = Debug|Any CPU
		{9ED27D8A-C249-467C-BD86-823C7BC17F09}.Debug|x64.Build.0 = Debug|Any CPU
		{9ED27D8A-C249-467C-BD86-823C7BC17F09}.Debug|x86.ActiveCfg = Debug|Any CPU
		{9ED27D8A-C249-467C-BD86-823C7BC17F09}.Debug|x86.Build.0 = Debug|Any CPU
		{9ED27D8A-C249-467C-BD86-823C7BC17F09}.Release|Any CPU.ActiveCfg = Release|Any CPU
		{9ED27D8A-C249-467C-BD86-823C7BC17F09}.Release|Any CPU.Build.0 = Release|Any CPU
		{9ED27D8A-C249-467C-BD86-823C7BC17F09}.Release|x64.ActiveCfg = Release|Any CPU
		{9ED27D8A-C249-467C-BD86-823C7BC17F09}.Release|x64.Build.0 = Release|Any CPU
		{9ED27D8A-C249-467C-BD86-823C7BC17F09}.Release|x86.ActiveCfg = Release|Any CPU
		{9ED27D8A-C249-467C-BD86-823C7BC17F09}.Release|x86.Build.0 = Release|Any CPU
		{3DCC8658-6EE7-47A7-AF22-57A78A601F45}.Debug|Any CPU.ActiveCfg = Debug|Any CPU
		{3DCC8658-6EE7-47A7-AF22-57A78A601F45}.Debug|Any CPU.Build.0 = Debug|Any CPU
		{3DCC8658-6EE7-47A7-AF22-57A78A601F45}.Debug|x64.ActiveCfg = Debug|Any CPU
		{3DCC8658-6EE7-47A7-AF22-57A78A601F45}.Debug|x64.Build.0 = Debug|Any CPU
		{3DCC8658-6EE7-47A7-AF22-57A78A601F45}.Debug|x86.ActiveCfg = Debug|Any CPU
		{3DCC8658-6EE7-47A7-AF22-57A78A601F45}.Debug|x86.Build.0 = Debug|Any CPU
		{3DCC8658-6EE7-47A7-AF22-57A78A601F45}.Release|Any CPU.ActiveCfg = Release|Any CPU
		{3DCC8658-6EE7-47A7-AF22-57A78A601F45}.Release|Any CPU.Build.0 = Release|Any CPU
		{3DCC8658-6EE7-47A7-AF22-57A78A601F45}.Release|x64.ActiveCfg = Release|Any CPU
		{3DCC8658-6EE7-47A7-AF22-57A78A601F45}.Release|x64.Build.0 = Release|Any CPU
		{3DCC8658-6EE7-47A7-AF22-57A78A601F45}.Release|x86.ActiveCfg = Release|Any CPU
		{3DCC8658-6EE7-47A7-AF22-57A78A601F45}.Release|x86.Build.0 = Release|Any CPU
		{F3D7630B-370A-4128-83F5-322AF9195652}.Debug|Any CPU.ActiveCfg = Debug|Any CPU
		{F3D7630B-370A-4128-83F5-322AF9195652}.Debug|Any CPU.Build.0 = Debug|Any CPU
		{F3D7630B-370A-4128-83F5-322AF9195652}.Debug|x64.ActiveCfg = Debug|Any CPU
		{F3D7630B-370A-4128-83F5-322AF9195652}.Debug|x64.Build.0 = Debug|Any CPU
		{F3D7630B-370A-4128-83F5-322AF9195652}.Debug|x86.ActiveCfg = Debug|Any CPU
		{F3D7630B-370A-4128-83F5-322AF9195652}.Debug|x86.Build.0 = Debug|Any CPU
		{F3D7630B-370A-4128-83F5-322AF9195652}.Release|Any CPU.ActiveCfg = Release|Any CPU
		{F3D7630B-370A-4128-83F5-322AF9195652}.Release|Any CPU.Build.0 = Release|Any CPU
		{F3D7630B-370A-4128-83F5-322AF9195652}.Release|x64.ActiveCfg = Release|Any CPU
		{F3D7630B-370A-4128-83F5-322AF9195652}.Release|x64.Build.0 = Release|Any CPU
		{F3D7630B-370A-4128-83F5-322AF9195652}.Release|x86.ActiveCfg = Release|Any CPU
		{F3D7630B-370A-4128-83F5-322AF9195652}.Release|x86.Build.0 = Release|Any CPU
		{EC2CE275-3033-457C-8329-037F2B77EE36}.Debug|Any CPU.ActiveCfg = Debug|Any CPU
		{EC2CE275-3033-457C-8329-037F2B77EE36}.Debug|Any CPU.Build.0 = Debug|Any CPU
		{EC2CE275-3033-457C-8329-037F2B77EE36}.Debug|x64.ActiveCfg = Debug|Any CPU
		{EC2CE275-3033-457C-8329-037F2B77EE36}.Debug|x64.Build.0 = Debug|Any CPU
		{EC2CE275-3033-457C-8329-037F2B77EE36}.Debug|x86.ActiveCfg = Debug|Any CPU
		{EC2CE275-3033-457C-8329-037F2B77EE36}.Debug|x86.Build.0 = Debug|Any CPU
		{EC2CE275-3033-457C-8329-037F2B77EE36}.Release|Any CPU.ActiveCfg = Release|Any CPU
		{EC2CE275-3033-457C-8329-037F2B77EE36}.Release|Any CPU.Build.0 = Release|Any CPU
		{EC2CE275-3033-457C-8329-037F2B77EE36}.Release|x64.ActiveCfg = Release|Any CPU
		{EC2CE275-3033-457C-8329-037F2B77EE36}.Release|x64.Build.0 = Release|Any CPU
		{EC2CE275-3033-457C-8329-037F2B77EE36}.Release|x86.ActiveCfg = Release|Any CPU
		{EC2CE275-3033-457C-8329-037F2B77EE36}.Release|x86.Build.0 = Release|Any CPU
		{68D67595-9058-48FB-B4EF-122BFBC7E06E}.Debug|Any CPU.ActiveCfg = Debug|Any CPU
		{68D67595-9058-48FB-B4EF-122BFBC7E06E}.Debug|Any CPU.Build.0 = Debug|Any CPU
		{68D67595-9058-48FB-B4EF-122BFBC7E06E}.Debug|x64.ActiveCfg = Debug|Any CPU
		{68D67595-9058-48FB-B4EF-122BFBC7E06E}.Debug|x64.Build.0 = Debug|Any CPU
		{68D67595-9058-48FB-B4EF-122BFBC7E06E}.Debug|x86.ActiveCfg = Debug|Any CPU
		{68D67595-9058-48FB-B4EF-122BFBC7E06E}.Debug|x86.Build.0 = Debug|Any CPU
		{68D67595-9058-48FB-B4EF-122BFBC7E06E}.Release|Any CPU.ActiveCfg = Release|Any CPU
		{68D67595-9058-48FB-B4EF-122BFBC7E06E}.Release|Any CPU.Build.0 = Release|Any CPU
		{68D67595-9058-48FB-B4EF-122BFBC7E06E}.Release|x64.ActiveCfg = Release|Any CPU
		{68D67595-9058-48FB-B4EF-122BFBC7E06E}.Release|x64.Build.0 = Release|Any CPU
		{68D67595-9058-48FB-B4EF-122BFBC7E06E}.Release|x86.ActiveCfg = Release|Any CPU
		{68D67595-9058-48FB-B4EF-122BFBC7E06E}.Release|x86.Build.0 = Release|Any CPU
		{24B7CE33-3A2F-43F0-9336-9E3F821FB343}.Debug|Any CPU.ActiveCfg = Debug|Any CPU
		{24B7CE33-3A2F-43F0-9336-9E3F821FB343}.Debug|Any CPU.Build.0 = Debug|Any CPU
		{24B7CE33-3A2F-43F0-9336-9E3F821FB343}.Debug|x64.ActiveCfg = Debug|Any CPU
		{24B7CE33-3A2F-43F0-9336-9E3F821FB343}.Debug|x64.Build.0 = Debug|Any CPU
		{24B7CE33-3A2F-43F0-9336-9E3F821FB343}.Debug|x86.ActiveCfg = Debug|Any CPU
		{24B7CE33-3A2F-43F0-9336-9E3F821FB343}.Debug|x86.Build.0 = Debug|Any CPU
		{24B7CE33-3A2F-43F0-9336-9E3F821FB343}.Release|Any CPU.ActiveCfg = Release|Any CPU
		{24B7CE33-3A2F-43F0-9336-9E3F821FB343}.Release|Any CPU.Build.0 = Release|Any CPU
		{24B7CE33-3A2F-43F0-9336-9E3F821FB343}.Release|x64.ActiveCfg = Release|Any CPU
		{24B7CE33-3A2F-43F0-9336-9E3F821FB343}.Release|x64.Build.0 = Release|Any CPU
		{24B7CE33-3A2F-43F0-9336-9E3F821FB343}.Release|x86.ActiveCfg = Release|Any CPU
		{24B7CE33-3A2F-43F0-9336-9E3F821FB343}.Release|x86.Build.0 = Release|Any CPU
		{3057E751-79FE-4064-9442-70C8FF091826}.Debug|Any CPU.ActiveCfg = Debug|Any CPU
		{3057E751-79FE-4064-9442-70C8FF091826}.Debug|Any CPU.Build.0 = Debug|Any CPU
		{3057E751-79FE-4064-9442-70C8FF091826}.Debug|x64.ActiveCfg = Debug|Any CPU
		{3057E751-79FE-4064-9442-70C8FF091826}.Debug|x64.Build.0 = Debug|Any CPU
		{3057E751-79FE-4064-9442-70C8FF091826}.Debug|x86.ActiveCfg = Debug|Any CPU
		{3057E751-79FE-4064-9442-70C8FF091826}.Debug|x86.Build.0 = Debug|Any CPU
		{3057E751-79FE-4064-9442-70C8FF091826}.Release|Any CPU.ActiveCfg = Release|Any CPU
		{3057E751-79FE-4064-9442-70C8FF091826}.Release|Any CPU.Build.0 = Release|Any CPU
		{3057E751-79FE-4064-9442-70C8FF091826}.Release|x64.ActiveCfg = Release|Any CPU
		{3057E751-79FE-4064-9442-70C8FF091826}.Release|x64.Build.0 = Release|Any CPU
		{3057E751-79FE-4064-9442-70C8FF091826}.Release|x86.ActiveCfg = Release|Any CPU
		{3057E751-79FE-4064-9442-70C8FF091826}.Release|x86.Build.0 = Release|Any CPU
		{D2A18A88-C05E-45FA-A3E8-AAF5CF88A415}.Debug|Any CPU.ActiveCfg = Debug|Any CPU
		{D2A18A88-C05E-45FA-A3E8-AAF5CF88A415}.Debug|Any CPU.Build.0 = Debug|Any CPU
		{D2A18A88-C05E-45FA-A3E8-AAF5CF88A415}.Debug|x64.ActiveCfg = Debug|Any CPU
		{D2A18A88-C05E-45FA-A3E8-AAF5CF88A415}.Debug|x64.Build.0 = Debug|Any CPU
		{D2A18A88-C05E-45FA-A3E8-AAF5CF88A415}.Debug|x86.ActiveCfg = Debug|Any CPU
		{D2A18A88-C05E-45FA-A3E8-AAF5CF88A415}.Debug|x86.Build.0 = Debug|Any CPU
		{D2A18A88-C05E-45FA-A3E8-AAF5CF88A415}.Release|Any CPU.ActiveCfg = Release|Any CPU
		{D2A18A88-C05E-45FA-A3E8-AAF5CF88A415}.Release|Any CPU.Build.0 = Release|Any CPU
		{D2A18A88-C05E-45FA-A3E8-AAF5CF88A415}.Release|x64.ActiveCfg = Release|Any CPU
		{D2A18A88-C05E-45FA-A3E8-AAF5CF88A415}.Release|x64.Build.0 = Release|Any CPU
		{D2A18A88-C05E-45FA-A3E8-AAF5CF88A415}.Release|x86.ActiveCfg = Release|Any CPU
		{D2A18A88-C05E-45FA-A3E8-AAF5CF88A415}.Release|x86.Build.0 = Release|Any CPU
		{28D791FE-3378-47FA-B23D-62688C0A5104}.Debug|Any CPU.ActiveCfg = Debug|Any CPU
		{28D791FE-3378-47FA-B23D-62688C0A5104}.Debug|Any CPU.Build.0 = Debug|Any CPU
		{28D791FE-3378-47FA-B23D-62688C0A5104}.Debug|x64.ActiveCfg = Debug|Any CPU
		{28D791FE-3378-47FA-B23D-62688C0A5104}.Debug|x64.Build.0 = Debug|Any CPU
		{28D791FE-3378-47FA-B23D-62688C0A5104}.Debug|x86.ActiveCfg = Debug|Any CPU
		{28D791FE-3378-47FA-B23D-62688C0A5104}.Debug|x86.Build.0 = Debug|Any CPU
		{28D791FE-3378-47FA-B23D-62688C0A5104}.Release|Any CPU.ActiveCfg = Release|Any CPU
		{28D791FE-3378-47FA-B23D-62688C0A5104}.Release|Any CPU.Build.0 = Release|Any CPU
		{28D791FE-3378-47FA-B23D-62688C0A5104}.Release|x64.ActiveCfg = Release|Any CPU
		{28D791FE-3378-47FA-B23D-62688C0A5104}.Release|x64.Build.0 = Release|Any CPU
		{28D791FE-3378-47FA-B23D-62688C0A5104}.Release|x86.ActiveCfg = Release|Any CPU
		{28D791FE-3378-47FA-B23D-62688C0A5104}.Release|x86.Build.0 = Release|Any CPU
		{48B99D01-9506-41C2-BFB8-0E60528143C0}.Debug|Any CPU.ActiveCfg = Debug|Any CPU
		{48B99D01-9506-41C2-BFB8-0E60528143C0}.Debug|Any CPU.Build.0 = Debug|Any CPU
		{48B99D01-9506-41C2-BFB8-0E60528143C0}.Debug|x64.ActiveCfg = Debug|Any CPU
		{48B99D01-9506-41C2-BFB8-0E60528143C0}.Debug|x64.Build.0 = Debug|Any CPU
		{48B99D01-9506-41C2-BFB8-0E60528143C0}.Debug|x86.ActiveCfg = Debug|Any CPU
		{48B99D01-9506-41C2-BFB8-0E60528143C0}.Debug|x86.Build.0 = Debug|Any CPU
		{48B99D01-9506-41C2-BFB8-0E60528143C0}.Release|Any CPU.ActiveCfg = Release|Any CPU
		{48B99D01-9506-41C2-BFB8-0E60528143C0}.Release|Any CPU.Build.0 = Release|Any CPU
		{48B99D01-9506-41C2-BFB8-0E60528143C0}.Release|x64.ActiveCfg = Release|Any CPU
		{48B99D01-9506-41C2-BFB8-0E60528143C0}.Release|x64.Build.0 = Release|Any CPU
		{48B99D01-9506-41C2-BFB8-0E60528143C0}.Release|x86.ActiveCfg = Release|Any CPU
		{48B99D01-9506-41C2-BFB8-0E60528143C0}.Release|x86.Build.0 = Release|Any CPU
		{0D76574F-C4C2-44C8-8D24-2C2D6FE08C3D}.Debug|Any CPU.ActiveCfg = Debug|Any CPU
		{0D76574F-C4C2-44C8-8D24-2C2D6FE08C3D}.Debug|Any CPU.Build.0 = Debug|Any CPU
		{0D76574F-C4C2-44C8-8D24-2C2D6FE08C3D}.Debug|x64.ActiveCfg = Debug|Any CPU
		{0D76574F-C4C2-44C8-8D24-2C2D6FE08C3D}.Debug|x64.Build.0 = Debug|Any CPU
		{0D76574F-C4C2-44C8-8D24-2C2D6FE08C3D}.Debug|x86.ActiveCfg = Debug|Any CPU
		{0D76574F-C4C2-44C8-8D24-2C2D6FE08C3D}.Debug|x86.Build.0 = Debug|Any CPU
		{0D76574F-C4C2-44C8-8D24-2C2D6FE08C3D}.Release|Any CPU.ActiveCfg = Release|Any CPU
		{0D76574F-C4C2-44C8-8D24-2C2D6FE08C3D}.Release|Any CPU.Build.0 = Release|Any CPU
		{0D76574F-C4C2-44C8-8D24-2C2D6FE08C3D}.Release|x64.ActiveCfg = Release|Any CPU
		{0D76574F-C4C2-44C8-8D24-2C2D6FE08C3D}.Release|x64.Build.0 = Release|Any CPU
		{0D76574F-C4C2-44C8-8D24-2C2D6FE08C3D}.Release|x86.ActiveCfg = Release|Any CPU
		{0D76574F-C4C2-44C8-8D24-2C2D6FE08C3D}.Release|x86.Build.0 = Release|Any CPU
	EndGlobalSection
	GlobalSection(SolutionProperties) = preSolution
		HideSolutionNode = FALSE
	EndGlobalSection
	GlobalSection(ExtensibilityGlobals) = postSolution
		SolutionGuid = {DCF992F3-9B2A-4C41-9008-7281544182C3}
	EndGlobalSection
EndGlobal
